
Microsoft Visual Studio Solution File, Format Version 12.00
# Visual Studio Version 17
VisualStudioVersion = 17.3.32922.545
MinimumVisualStudioVersion = 10.0.40219.1
Project("{9A19103F-16F7-4668-BE54-9A1E7A4F7556}") = "narit_mis_api", "narit_mis_api\narit_mis_api.csproj", "{B2BE3EFC-6435-4EBB-8A9A-194E67CFB182}"
EndProject
Project("{2150E333-8FDC-42A3-9474-1A3956D46DE8}") = "Presentation", "Presentation", "{0651D56A-061E-486B-8C70-AD3578D8F23A}"
EndProject
Project("{2150E333-8FDC-42A3-9474-1A3956D46DE8}") = "DataModels", "DataModels", "{B0DEC457-90F0-4046-8C24-6664948A28DC}"
EndProject
Project("{2150E333-8FDC-42A3-9474-1A3956D46DE8}") = "Libraries", "Libraries", "{A1D0D1B6-32C8-4D86-8A77-2FCC94E4D1D0}"
EndProject
Project("{9A19103F-16F7-4668-BE54-9A1E7A4F7556}") = "Data.Context", "Data.Context\Data.Context.csproj", "{F6A1C46E-23DB-4545-AA69-BAD6B0FADFEE}"
EndProject
Project("{9A19103F-16F7-4668-BE54-9A1E7A4F7556}") = "App.Accommodations", "App.Accommodations\App.Accommodations.csproj", "{285BF3AF-138A-484E-B513-E0CBE3DDB10F}"
EndProject
Project("{9A19103F-16F7-4668-BE54-9A1E7A4F7556}") = "App.Accounting", "App.Accounting\App.Accounting.csproj", "{B61A306A-26C9-406A-8570-3B10B46F34DB}"
EndProject
Project("{9A19103F-16F7-4668-BE54-9A1E7A4F7556}") = "App.Paths", "App.Paths\App.Paths.csproj", "{B52D92A3-5360-4D5A-A99D-3CB9013E846B}"
EndProject
Project("{9A19103F-16F7-4668-BE54-9A1E7A4F7556}") = "App.Resolver", "App.Resolver\App.Resolver.csproj", "{86C8907D-3D9E-48D4-ABDE-838C06F4E902}"
EndProject
Project("{9A19103F-16F7-4668-BE54-9A1E7A4F7556}") = "App.PathDetail", "App.PathDetail\App.PathDetail.csproj", "{E10D0460-2735-4C43-A5E5-030D9552E9C5}"
EndProject
Project("{FAE04EC0-301F-11D3-BF4B-00C04F79EFBC}") = "App.EIS", "App.CollaborationNetwork\App.EIS.csproj", "{AFAEC2F2-868E-4208-A57E-AB955021E437}"
EndProject
Project("{FAE04EC0-301F-11D3-BF4B-00C04F79EFBC}") = "App.FIN", "App.Executive\App.FIN.csproj", "{134C2E55-0C0C-4C7A-A307-194C16BF86C0}"
EndProject
Project("{FAE04EC0-301F-11D3-BF4B-00C04F79EFBC}") = "App.General", "App.Operation\App.General.csproj", "{C80E58A8-F7A3-48B6-9C2D-D733D321639C}"
EndProject
Project("{FAE04EC0-301F-11D3-BF4B-00C04F79EFBC}") = "App.Individual", "App.Individual\App.Individual.csproj", "{2ED2D3DD-0ADD-47FB-B96D-641712D6ADAE}"
EndProject
Project("{FAE04EC0-301F-11D3-BF4B-00C04F79EFBC}") = "App.SEC", "App.SEC\App.SEC.csproj", "{466B83E3-E07E-4C9A-8EF8-A7DB5DD96AA1}"
EndProject
Project("{FAE04EC0-301F-11D3-BF4B-00C04F79EFBC}") = "App.Controls", "App.Controls\App.Controls.csproj", "{FF3C9841-ACC6-48F0-938A-F8D841037E16}"
EndProject
Project("{FAE04EC0-301F-11D3-BF4B-00C04F79EFBC}") = "App.Plan", "App.Plan\App.Plan.csproj", "{DBF77E9B-5BE1-4996-85EF-C5C390AF98D2}"
EndProject
Global
	GlobalSection(SolutionConfigurationPlatforms) = preSolution
		Debug|Any CPU = Debug|Any CPU
		Release|Any CPU = Release|Any CPU
	EndGlobalSection
	GlobalSection(ProjectConfigurationPlatforms) = postSolution
		{B2BE3EFC-6435-4EBB-8A9A-194E67CFB182}.Debug|Any CPU.ActiveCfg = Debug|Any CPU
		{B2BE3EFC-6435-4EBB-8A9A-194E67CFB182}.Debug|Any CPU.Build.0 = Debug|Any CPU
		{B2BE3EFC-6435-4EBB-8A9A-194E67CFB182}.Release|Any CPU.ActiveCfg = Release|Any CPU
		{B2BE3EFC-6435-4EBB-8A9A-194E67CFB182}.Release|Any CPU.Build.0 = Release|Any CPU
		{F6A1C46E-23DB-4545-AA69-BAD6B0FADFEE}.Debug|Any CPU.ActiveCfg = Debug|Any CPU
		{F6A1C46E-23DB-4545-AA69-BAD6B0FADFEE}.Debug|Any CPU.Build.0 = Debug|Any CPU
		{F6A1C46E-23DB-4545-AA69-BAD6B0FADFEE}.Release|Any CPU.ActiveCfg = Release|Any CPU
		{F6A1C46E-23DB-4545-AA69-BAD6B0FADFEE}.Release|Any CPU.Build.0 = Release|Any CPU
		{285BF3AF-138A-484E-B513-E0CBE3DDB10F}.Debug|Any CPU.ActiveCfg = Debug|Any CPU
		{285BF3AF-138A-484E-B513-E0CBE3DDB10F}.Debug|Any CPU.Build.0 = Debug|Any CPU
		{285BF3AF-138A-484E-B513-E0CBE3DDB10F}.Release|Any CPU.ActiveCfg = Release|Any CPU
		{285BF3AF-138A-484E-B513-E0CBE3DDB10F}.Release|Any CPU.Build.0 = Release|Any CPU
		{B61A306A-26C9-406A-8570-3B10B46F34DB}.Debug|Any CPU.ActiveCfg = Debug|Any CPU
		{B61A306A-26C9-406A-8570-3B10B46F34DB}.Debug|Any CPU.Build.0 = Debug|Any CPU
		{B61A306A-26C9-406A-8570-3B10B46F34DB}.Release|Any CPU.ActiveCfg = Release|Any CPU
		{B61A306A-26C9-406A-8570-3B10B46F34DB}.Release|Any CPU.Build.0 = Release|Any CPU
		{B52D92A3-5360-4D5A-A99D-3CB9013E846B}.Debug|Any CPU.ActiveCfg = Debug|Any CPU
		{B52D92A3-5360-4D5A-A99D-3CB9013E846B}.Debug|Any CPU.Build.0 = Debug|Any CPU
		{B52D92A3-5360-4D5A-A99D-3CB9013E846B}.Release|Any CPU.ActiveCfg = Release|Any CPU
		{B52D92A3-5360-4D5A-A99D-3CB9013E846B}.Release|Any CPU.Build.0 = Release|Any CPU
		{86C8907D-3D9E-48D4-ABDE-838C06F4E902}.Debug|Any CPU.ActiveCfg = Debug|Any CPU
		{86C8907D-3D9E-48D4-ABDE-838C06F4E902}.Debug|Any CPU.Build.0 = Debug|Any CPU
		{86C8907D-3D9E-48D4-ABDE-838C06F4E902}.Release|Any CPU.ActiveCfg = Release|Any CPU
		{86C8907D-3D9E-48D4-ABDE-838C06F4E902}.Release|Any CPU.Build.0 = Release|Any CPU
		{E10D0460-2735-4C43-A5E5-030D9552E9C5}.Debug|Any CPU.ActiveCfg = Debug|Any CPU
		{E10D0460-2735-4C43-A5E5-030D9552E9C5}.Debug|Any CPU.Build.0 = Debug|Any CPU
		{E10D0460-2735-4C43-A5E5-030D9552E9C5}.Release|Any CPU.ActiveCfg = Release|Any CPU
		{E10D0460-2735-4C43-A5E5-030D9552E9C5}.Release|Any CPU.Build.0 = Release|Any CPU
		{AFAEC2F2-868E-4208-A57E-AB955021E437}.Debug|Any CPU.ActiveCfg = Debug|Any CPU
		{AFAEC2F2-868E-4208-A57E-AB955021E437}.Debug|Any CPU.Build.0 = Debug|Any CPU
		{AFAEC2F2-868E-4208-A57E-AB955021E437}.Release|Any CPU.ActiveCfg = Release|Any CPU
		{AFAEC2F2-868E-4208-A57E-AB955021E437}.Release|Any CPU.Build.0 = Release|Any CPU
		{134C2E55-0C0C-4C7A-A307-194C16BF86C0}.Debug|Any CPU.ActiveCfg = Debug|Any CPU
		{134C2E55-0C0C-4C7A-A307-194C16BF86C0}.Debug|Any CPU.Build.0 = Debug|Any CPU
		{134C2E55-0C0C-4C7A-A307-194C16BF86C0}.Release|Any CPU.ActiveCfg = Release|Any CPU
		{134C2E55-0C0C-4C7A-A307-194C16BF86C0}.Release|Any CPU.Build.0 = Release|Any CPU
		{C80E58A8-F7A3-48B6-9C2D-D733D321639C}.Debug|Any CPU.ActiveCfg = Debug|Any CPU
		{C80E58A8-F7A3-48B6-9C2D-D733D321639C}.Debug|Any CPU.Build.0 = Debug|Any CPU
		{C80E58A8-F7A3-48B6-9C2D-D733D321639C}.Release|Any CPU.ActiveCfg = Release|Any CPU
		{C80E58A8-F7A3-48B6-9C2D-D733D321639C}.Release|Any CPU.Build.0 = Release|Any CPU
		{2ED2D3DD-0ADD-47FB-B96D-641712D6ADAE}.Debug|Any CPU.ActiveCfg = Debug|Any CPU
		{2ED2D3DD-0ADD-47FB-B96D-641712D6ADAE}.Debug|Any CPU.Build.0 = Debug|Any CPU
		{2ED2D3DD-0ADD-47FB-B96D-641712D6ADAE}.Release|Any CPU.ActiveCfg = Release|Any CPU
		{2ED2D3DD-0ADD-47FB-B96D-641712D6ADAE}.Release|Any CPU.Build.0 = Release|Any CPU
		{466B83E3-E07E-4C9A-8EF8-A7DB5DD96AA1}.Debug|Any CPU.ActiveCfg = Debug|Any CPU
		{466B83E3-E07E-4C9A-8EF8-A7DB5DD96AA1}.Debug|Any CPU.Build.0 = Debug|Any CPU
		{466B83E3-E07E-4C9A-8EF8-A7DB5DD96AA1}.Release|Any CPU.ActiveCfg = Release|Any CPU
		{466B83E3-E07E-4C9A-8EF8-A7DB5DD96AA1}.Release|Any CPU.Build.0 = Release|Any CPU
		{FF3C9841-ACC6-48F0-938A-F8D841037E16}.Debug|Any CPU.ActiveCfg = Debug|Any CPU
		{FF3C9841-ACC6-48F0-938A-F8D841037E16}.Debug|Any CPU.Build.0 = Debug|Any CPU
		{FF3C9841-ACC6-48F0-938A-F8D841037E16}.Release|Any CPU.ActiveCfg = Release|Any CPU
		{FF3C9841-ACC6-48F0-938A-F8D841037E16}.Release|Any CPU.Build.0 = Release|Any CPU
		{DBF77E9B-5BE1-4996-85EF-C5C390AF98D2}.Debug|Any CPU.ActiveCfg = Debug|Any CPU
		{DBF77E9B-5BE1-4996-85EF-C5C390AF98D2}.Debug|Any CPU.Build.0 = Debug|Any CPU
		{DBF77E9B-5BE1-4996-85EF-C5C390AF98D2}.Release|Any CPU.ActiveCfg = Release|Any CPU
		{DBF77E9B-5BE1-4996-85EF-C5C390AF98D2}.Release|Any CPU.Build.0 = Release|Any CPU
	EndGlobalSection
	GlobalSection(SolutionProperties) = preSolution
		HideSolutionNode = FALSE
	EndGlobalSection
	GlobalSection(NestedProjects) = preSolution
		{B2BE3EFC-6435-4EBB-8A9A-194E67CFB182} = {0651D56A-061E-486B-8C70-AD3578D8F23A}
		{F6A1C46E-23DB-4545-AA69-BAD6B0FADFEE} = {B0DEC457-90F0-4046-8C24-6664948A28DC}
		{285BF3AF-138A-484E-B513-E0CBE3DDB10F} = {A1D0D1B6-32C8-4D86-8A77-2FCC94E4D1D0}
		{B61A306A-26C9-406A-8570-3B10B46F34DB} = {A1D0D1B6-32C8-4D86-8A77-2FCC94E4D1D0}
		{B52D92A3-5360-4D5A-A99D-3CB9013E846B} = {A1D0D1B6-32C8-4D86-8A77-2FCC94E4D1D0}
		{86C8907D-3D9E-48D4-ABDE-838C06F4E902} = {A1D0D1B6-32C8-4D86-8A77-2FCC94E4D1D0}
		{E10D0460-2735-4C43-A5E5-030D9552E9C5} = {A1D0D1B6-32C8-4D86-8A77-2FCC94E4D1D0}
		{AFAEC2F2-868E-4208-A57E-AB955021E437} = {A1D0D1B6-32C8-4D86-8A77-2FCC94E4D1D0}
		{134C2E55-0C0C-4C7A-A307-194C16BF86C0} = {A1D0D1B6-32C8-4D86-8A77-2FCC94E4D1D0}
		{C80E58A8-F7A3-48B6-9C2D-D733D321639C} = {A1D0D1B6-32C8-4D86-8A77-2FCC94E4D1D0}
		{2ED2D3DD-0ADD-47FB-B96D-641712D6ADAE} = {A1D0D1B6-32C8-4D86-8A77-2FCC94E4D1D0}
		{466B83E3-E07E-4C9A-8EF8-A7DB5DD96AA1} = {A1D0D1B6-32C8-4D86-8A77-2FCC94E4D1D0}
		{FF3C9841-ACC6-48F0-938A-F8D841037E16} = {A1D0D1B6-32C8-4D86-8A77-2FCC94E4D1D0}
		{DBF77E9B-5BE1-4996-85EF-C5C390AF98D2} = {A1D0D1B6-32C8-4D86-8A77-2FCC94E4D1D0}
	EndGlobalSection
	GlobalSection(ExtensibilityGlobals) = postSolution
		SolutionGuid = {6E6D8F12-3D7D-4A71-95A2-6942109D3A30}
	EndGlobalSection
EndGlobal
